// !$*UTF8*$!
{
	archiveVersion = 1;
	classes = {
	};
	objectVersion = 46;
	objects = {

/* Begin PBXBuildFile section */
		074FE9E01B83D3AB00C30C73 /* Refresh_icon.png in Resources */ = {isa = PBXBuildFile; fileRef = 074FE9DF1B83D3AB00C30C73 /* Refresh_icon.png */; };
		AE806B21B3FCD7E913DBEA06 /* libPods-Diputinder.a in Frameworks */ = {isa = PBXBuildFile; fileRef = 42792AD6C768141D302AE857 /* libPods-Diputinder.a */; };
		F354C6491B94DE7E003217D2 /* nodeclarado.png in Resources */ = {isa = PBXBuildFile; fileRef = F354C6481B94DE7E003217D2 /* nodeclarado.png */; };
		F354C64B1B94DE84003217D2 /* declarado.png in Resources */ = {isa = PBXBuildFile; fileRef = F354C64A1B94DE84003217D2 /* declarado.png */; };
		F354C64D1B962298003217D2 /* palomita.png in Resources */ = {isa = PBXBuildFile; fileRef = F354C64C1B962298003217D2 /* palomita.png */; };
		F354C64F1B96229E003217D2 /* tache.png in Resources */ = {isa = PBXBuildFile; fileRef = F354C64E1B96229E003217D2 /* tache.png */; };
		F370BDE31AF03368008974D6 /* main.m in Sources */ = {isa = PBXBuildFile; fileRef = F370BDE21AF03368008974D6 /* main.m */; };
		F370BDE61AF03368008974D6 /* AppDelegate.m in Sources */ = {isa = PBXBuildFile; fileRef = F370BDE51AF03368008974D6 /* AppDelegate.m */; };
		F370BDE91AF03368008974D6 /* ViewController.m in Sources */ = {isa = PBXBuildFile; fileRef = F370BDE81AF03368008974D6 /* ViewController.m */; };
		F370BDEC1AF03368008974D6 /* Main.storyboard in Resources */ = {isa = PBXBuildFile; fileRef = F370BDEA1AF03368008974D6 /* Main.storyboard */; };
		F370BDEE1AF03368008974D6 /* Images.xcassets in Resources */ = {isa = PBXBuildFile; fileRef = F370BDED1AF03368008974D6 /* Images.xcassets */; };
		F370BDF11AF03368008974D6 /* LaunchScreen.xib in Resources */ = {isa = PBXBuildFile; fileRef = F370BDEF1AF03368008974D6 /* LaunchScreen.xib */; };
		F370BDFD1AF03369008974D6 /* DiputinderTests.m in Sources */ = {isa = PBXBuildFile; fileRef = F370BDFC1AF03369008974D6 /* DiputinderTests.m */; };
		F370BE0D1AF033B5008974D6 /* DraggableViewBackground.m in Sources */ = {isa = PBXBuildFile; fileRef = F370BE071AF033B5008974D6 /* DraggableViewBackground.m */; };
		F370BE0E1AF033B5008974D6 /* Diego.jpg in Resources */ = {isa = PBXBuildFile; fileRef = F370BE081AF033B5008974D6 /* Diego.jpg */; };
		F370BE0F1AF033B5008974D6 /* DraggableView.m in Sources */ = {isa = PBXBuildFile; fileRef = F370BE0A1AF033B5008974D6 /* DraggableView.m */; };
		F370BE101AF033B5008974D6 /* OverlayView.m in Sources */ = {isa = PBXBuildFile; fileRef = F370BE0C1AF033B5008974D6 /* OverlayView.m */; };
		F370BE121AF033F2008974D6 /* Foundation.framework in Frameworks */ = {isa = PBXBuildFile; fileRef = F370BE111AF033F2008974D6 /* Foundation.framework */; };
		F370BE141AF03408008974D6 /* CoreGraphics.framework in Frameworks */ = {isa = PBXBuildFile; fileRef = F370BE131AF03408008974D6 /* CoreGraphics.framework */; };
		F370BE161AF03410008974D6 /* UIKit.framework in Frameworks */ = {isa = PBXBuildFile; fileRef = F370BE151AF03410008974D6 /* UIKit.framework */; };
		F370BE181AF14636008974D6 /* CoreLocation.framework in Frameworks */ = {isa = PBXBuildFile; fileRef = F370BE171AF14636008974D6 /* CoreLocation.framework */; };
		F370BE1A1AF14CC7008974D6 /* AddressBook.framework in Frameworks */ = {isa = PBXBuildFile; fileRef = F370BE191AF14CC7008974D6 /* AddressBook.framework */; };
		F370BE1C1AF17D32008974D6 /* m.jpg in Resources */ = {isa = PBXBuildFile; fileRef = F370BE1B1AF17D32008974D6 /* m.jpg */; };
		F370BE1E1AF17D42008974D6 /* h.jpg in Resources */ = {isa = PBXBuildFile; fileRef = F370BE1D1AF17D42008974D6 /* h.jpg */; };
		F3A4D25A1B963BB5006FEE69 /* shi.png in Resources */ = {isa = PBXBuildFile; fileRef = F3A4D2581B963BB5006FEE69 /* shi.png */; };
		F3A4D25B1B963BB5006FEE69 /* nop.png in Resources */ = {isa = PBXBuildFile; fileRef = F3A4D2591B963BB5006FEE69 /* nop.png */; };
		F3A4D25D1B976678006FEE69 /* logo.png in Resources */ = {isa = PBXBuildFile; fileRef = F3A4D25C1B976677006FEE69 /* logo.png */; };
		F3A4D25F1B976D31006FEE69 /* aliados.png in Resources */ = {isa = PBXBuildFile; fileRef = F3A4D25E1B976D31006FEE69 /* aliados.png */; };
		F3EE12211B01562C00CDEC6A /* nobutton.png in Resources */ = {isa = PBXBuildFile; fileRef = F3EE12201B01562C00CDEC6A /* nobutton.png */; };
		F3EE12231B01563400CDEC6A /* yesbutton.png in Resources */ = {isa = PBXBuildFile; fileRef = F3EE12221B01563400CDEC6A /* yesbutton.png */; };
		F3EE12291B01598000CDEC6A /* MC.png in Resources */ = {isa = PBXBuildFile; fileRef = F3EE12241B01598000CDEC6A /* MC.png */; };
		F3EE122A1B01598000CDEC6A /* PAN.png in Resources */ = {isa = PBXBuildFile; fileRef = F3EE12251B01598000CDEC6A /* PAN.png */; };
		F3EE122B1B01598000CDEC6A /* PRD.png in Resources */ = {isa = PBXBuildFile; fileRef = F3EE12261B01598000CDEC6A /* PRD.png */; };
		F3EE122C1B01598000CDEC6A /* MORENA.png in Resources */ = {isa = PBXBuildFile; fileRef = F3EE12271B01598000CDEC6A /* MORENA.png */; };
		F3EE122D1B01598000CDEC6A /* PANAL.png in Resources */ = {isa = PBXBuildFile; fileRef = F3EE12281B01598000CDEC6A /* PANAL.png */; };
		F3EE12301B01598700CDEC6A /* PVEM.png in Resources */ = {isa = PBXBuildFile; fileRef = F3EE122E1B01598700CDEC6A /* PVEM.png */; };
		F3EE12311B01598700CDEC6A /* PRI.png in Resources */ = {isa = PBXBuildFile; fileRef = F3EE122F1B01598700CDEC6A /* PRI.png */; };
		F3EE12331B01598B00CDEC6A /* PT.png in Resources */ = {isa = PBXBuildFile; fileRef = F3EE12321B01598B00CDEC6A /* PT.png */; };
		F3EE12361B01599200CDEC6A /* PH.png in Resources */ = {isa = PBXBuildFile; fileRef = F3EE12341B01599200CDEC6A /* PH.png */; };
		F3EE12371B01599200CDEC6A /* PES.png in Resources */ = {isa = PBXBuildFile; fileRef = F3EE12351B01599200CDEC6A /* PES.png */; };
		F3EE123C1B01614100CDEC6A /* ligue.png in Resources */ = {isa = PBXBuildFile; fileRef = F3EE123B1B01614100CDEC6A /* ligue.png */; };
		F3EE123E1B01656100CDEC6A /* Social.framework in Frameworks */ = {isa = PBXBuildFile; fileRef = F3EE123D1B01656100CDEC6A /* Social.framework */; };
		F3EE12911B024A7A00CDEC6A /* noimage.jpg in Resources */ = {isa = PBXBuildFile; fileRef = F3EE12901B024A7A00CDEC6A /* noimage.jpg */; };
		F3EEF94F1B7EACAB00C662A9 /* document.ico in Resources */ = {isa = PBXBuildFile; fileRef = F3EEF94E1B7EACAB00C662A9 /* document.ico */; };
		F3EEF9601B82853600C662A9 /* Gotham-Rounded-Bold.ttf in Resources */ = {isa = PBXBuildFile; fileRef = F3EEF95E1B82853600C662A9 /* Gotham-Rounded-Bold.ttf */; };
		F3EEF9611B82853600C662A9 /* Gotham-Rounded-Book.ttf in Resources */ = {isa = PBXBuildFile; fileRef = F3EEF95F1B82853600C662A9 /* Gotham-Rounded-Book.ttf */; };
		F3EEF9631B828EF300C662A9 /* ic_twitter.png in Resources */ = {isa = PBXBuildFile; fileRef = F3EEF9621B828EF300C662A9 /* ic_twitter.png */; };
		F3EEF9661B84EDF400C662A9 /* DocumentViewController.m in Sources */ = {isa = PBXBuildFile; fileRef = F3EEF9651B84EDF400C662A9 /* DocumentViewController.m */; };
		F3EEF9681B84FAD300C662A9 /* ic_btn_declaro.png in Resources */ = {isa = PBXBuildFile; fileRef = F3EEF9671B84FAD300C662A9 /* ic_btn_declaro.png */; };
		F3EEF96A1B84FAE500C662A9 /* ic_btn_no_declaro.png in Resources */ = {isa = PBXBuildFile; fileRef = F3EEF9691B84FAE500C662A9 /* ic_btn_no_declaro.png */; };
		F3EEF9701B854DE100C662A9 /* AboutViewController.m in Sources */ = {isa = PBXBuildFile; fileRef = F3EEF96F1B854DE100C662A9 /* AboutViewController.m */; };
		F3EEF9721B8668DD00C662A9 /* ejemplo.txt in Resources */ = {isa = PBXBuildFile; fileRef = F3EEF9711B8668DD00C662A9 /* ejemplo.txt */; };
		F3EEF9741B86866400C662A9 /* iosiconliguepolitico.png in Resources */ = {isa = PBXBuildFile; fileRef = F3EEF9731B86866400C662A9 /* iosiconliguepolitico.png */; };
		F3F0BA601B8B872F0077CAD4 /* bgr_tutorial_candados.jpg in Resources */ = {isa = PBXBuildFile; fileRef = F3F0BA5F1B8B872E0077CAD4 /* bgr_tutorial_candados.jpg */; };
		F3F0BA621B8B887E0077CAD4 /* ic_tutorial_1.png in Resources */ = {isa = PBXBuildFile; fileRef = F3F0BA611B8B887E0077CAD4 /* ic_tutorial_1.png */; };
		F3F0BA641B8B917E0077CAD4 /* ic_factico.png in Resources */ = {isa = PBXBuildFile; fileRef = F3F0BA631B8B917E0077CAD4 /* ic_factico.png */; };
		F3F0BA661B8B93DB0077CAD4 /* ic_tutorial_5.png in Resources */ = {isa = PBXBuildFile; fileRef = F3F0BA651B8B93DB0077CAD4 /* ic_tutorial_5.png */; };
		F3F5F12D1AF18B580046F8B6 /* DetailViewController.m in Sources */ = {isa = PBXBuildFile; fileRef = F3F5F12C1AF18B580046F8B6 /* DetailViewController.m */; };
		F3F5F12F1AF54C680046F8B6 /* AudioToolbox.framework in Frameworks */ = {isa = PBXBuildFile; fileRef = F3F5F12E1AF54C680046F8B6 /* AudioToolbox.framework */; };
/* End PBXBuildFile section */

/* Begin PBXContainerItemProxy section */
		F370BDF71AF03369008974D6 /* PBXContainerItemProxy */ = {
			isa = PBXContainerItemProxy;
			containerPortal = F370BDD51AF03368008974D6 /* Project object */;
			proxyType = 1;
			remoteGlobalIDString = F370BDDC1AF03368008974D6;
			remoteInfo = Diputinder;
		};
/* End PBXContainerItemProxy section */

/* Begin PBXFileReference section */
		01C1D456A44CC095F53115D2 /* Pods-Diputinder.debug.xcconfig */ = {isa = PBXFileReference; includeInIndex = 1; lastKnownFileType = text.xcconfig; name = "Pods-Diputinder.debug.xcconfig"; path = "Pods/Target Support Files/Pods-Diputinder/Pods-Diputinder.debug.xcconfig"; sourceTree = "<group>"; };
		074FE9DF1B83D3AB00C30C73 /* Refresh_icon.png */ = {isa = PBXFileReference; lastKnownFileType = image.png; path = Refresh_icon.png; sourceTree = "<group>"; };
		42792AD6C768141D302AE857 /* libPods-Diputinder.a */ = {isa = PBXFileReference; explicitFileType = archive.ar; includeInIndex = 0; path = "libPods-Diputinder.a"; sourceTree = BUILT_PRODUCTS_DIR; };
		6C164BD8319FB2A4C2BB5983 /* Pods-Diputinder.release.xcconfig */ = {isa = PBXFileReference; includeInIndex = 1; lastKnownFileType = text.xcconfig; name = "Pods-Diputinder.release.xcconfig"; path = "Pods/Target Support Files/Pods-Diputinder/Pods-Diputinder.release.xcconfig"; sourceTree = "<group>"; };
		F354C6481B94DE7E003217D2 /* nodeclarado.png */ = {isa = PBXFileReference; lastKnownFileType = image.png; path = nodeclarado.png; sourceTree = "<group>"; };
		F354C64A1B94DE84003217D2 /* declarado.png */ = {isa = PBXFileReference; lastKnownFileType = image.png; path = declarado.png; sourceTree = "<group>"; };
		F354C64C1B962298003217D2 /* palomita.png */ = {isa = PBXFileReference; lastKnownFileType = image.png; path = palomita.png; sourceTree = "<group>"; };
		F354C64E1B96229E003217D2 /* tache.png */ = {isa = PBXFileReference; lastKnownFileType = image.png; path = tache.png; sourceTree = "<group>"; };
		F370BDDD1AF03368008974D6 /* Diputinder.app */ = {isa = PBXFileReference; explicitFileType = wrapper.application; includeInIndex = 0; path = Diputinder.app; sourceTree = BUILT_PRODUCTS_DIR; };
		F370BDE11AF03368008974D6 /* Info.plist */ = {isa = PBXFileReference; lastKnownFileType = text.plist.xml; path = Info.plist; sourceTree = "<group>"; };
		F370BDE21AF03368008974D6 /* main.m */ = {isa = PBXFileReference; lastKnownFileType = sourcecode.c.objc; path = main.m; sourceTree = "<group>"; };
		F370BDE41AF03368008974D6 /* AppDelegate.h */ = {isa = PBXFileReference; lastKnownFileType = sourcecode.c.h; path = AppDelegate.h; sourceTree = "<group>"; };
		F370BDE51AF03368008974D6 /* AppDelegate.m */ = {isa = PBXFileReference; lastKnownFileType = sourcecode.c.objc; path = AppDelegate.m; sourceTree = "<group>"; };
		F370BDE71AF03368008974D6 /* ViewController.h */ = {isa = PBXFileReference; lastKnownFileType = sourcecode.c.h; path = ViewController.h; sourceTree = "<group>"; };
		F370BDE81AF03368008974D6 /* ViewController.m */ = {isa = PBXFileReference; lastKnownFileType = sourcecode.c.objc; path = ViewController.m; sourceTree = "<group>"; };
		F370BDEB1AF03368008974D6 /* Base */ = {isa = PBXFileReference; lastKnownFileType = file.storyboard; name = Base; path = Base.lproj/Main.storyboard; sourceTree = "<group>"; };
		F370BDED1AF03368008974D6 /* Images.xcassets */ = {isa = PBXFileReference; lastKnownFileType = folder.assetcatalog; path = Images.xcassets; sourceTree = "<group>"; };
		F370BDF01AF03368008974D6 /* Base */ = {isa = PBXFileReference; lastKnownFileType = file.xib; name = Base; path = Base.lproj/LaunchScreen.xib; sourceTree = "<group>"; };
		F370BDF61AF03369008974D6 /* DiputinderTests.xctest */ = {isa = PBXFileReference; explicitFileType = wrapper.cfbundle; includeInIndex = 0; path = DiputinderTests.xctest; sourceTree = BUILT_PRODUCTS_DIR; };
		F370BDFB1AF03369008974D6 /* Info.plist */ = {isa = PBXFileReference; lastKnownFileType = text.plist.xml; path = Info.plist; sourceTree = "<group>"; };
		F370BDFC1AF03369008974D6 /* DiputinderTests.m */ = {isa = PBXFileReference; lastKnownFileType = sourcecode.c.objc; path = DiputinderTests.m; sourceTree = "<group>"; };
		F370BE061AF033B5008974D6 /* DraggableViewBackground.h */ = {isa = PBXFileReference; fileEncoding = 4; lastKnownFileType = sourcecode.c.h; path = DraggableViewBackground.h; sourceTree = "<group>"; };
		F370BE071AF033B5008974D6 /* DraggableViewBackground.m */ = {isa = PBXFileReference; fileEncoding = 4; lastKnownFileType = sourcecode.c.objc; path = DraggableViewBackground.m; sourceTree = "<group>"; };
		F370BE081AF033B5008974D6 /* Diego.jpg */ = {isa = PBXFileReference; lastKnownFileType = image.jpeg; path = Diego.jpg; sourceTree = "<group>"; };
		F370BE091AF033B5008974D6 /* DraggableView.h */ = {isa = PBXFileReference; fileEncoding = 4; lastKnownFileType = sourcecode.c.h; path = DraggableView.h; sourceTree = "<group>"; };
		F370BE0A1AF033B5008974D6 /* DraggableView.m */ = {isa = PBXFileReference; fileEncoding = 4; lastKnownFileType = sourcecode.c.objc; path = DraggableView.m; sourceTree = "<group>"; };
		F370BE0B1AF033B5008974D6 /* OverlayView.h */ = {isa = PBXFileReference; fileEncoding = 4; lastKnownFileType = sourcecode.c.h; path = OverlayView.h; sourceTree = "<group>"; };
		F370BE0C1AF033B5008974D6 /* OverlayView.m */ = {isa = PBXFileReference; fileEncoding = 4; lastKnownFileType = sourcecode.c.objc; path = OverlayView.m; sourceTree = "<group>"; };
		F370BE111AF033F2008974D6 /* Foundation.framework */ = {isa = PBXFileReference; lastKnownFileType = wrapper.framework; name = Foundation.framework; path = System/Library/Frameworks/Foundation.framework; sourceTree = SDKROOT; };
		F370BE131AF03408008974D6 /* CoreGraphics.framework */ = {isa = PBXFileReference; lastKnownFileType = wrapper.framework; name = CoreGraphics.framework; path = System/Library/Frameworks/CoreGraphics.framework; sourceTree = SDKROOT; };
		F370BE151AF03410008974D6 /* UIKit.framework */ = {isa = PBXFileReference; lastKnownFileType = wrapper.framework; name = UIKit.framework; path = System/Library/Frameworks/UIKit.framework; sourceTree = SDKROOT; };
		F370BE171AF14636008974D6 /* CoreLocation.framework */ = {isa = PBXFileReference; lastKnownFileType = wrapper.framework; name = CoreLocation.framework; path = System/Library/Frameworks/CoreLocation.framework; sourceTree = SDKROOT; };
		F370BE191AF14CC7008974D6 /* AddressBook.framework */ = {isa = PBXFileReference; lastKnownFileType = wrapper.framework; name = AddressBook.framework; path = System/Library/Frameworks/AddressBook.framework; sourceTree = SDKROOT; };
		F370BE1B1AF17D32008974D6 /* m.jpg */ = {isa = PBXFileReference; lastKnownFileType = image.jpeg; path = m.jpg; sourceTree = "<group>"; };
		F370BE1D1AF17D42008974D6 /* h.jpg */ = {isa = PBXFileReference; lastKnownFileType = image.jpeg; path = h.jpg; sourceTree = "<group>"; };
		F3A4D2581B963BB5006FEE69 /* shi.png */ = {isa = PBXFileReference; lastKnownFileType = image.png; path = shi.png; sourceTree = "<group>"; };
		F3A4D2591B963BB5006FEE69 /* nop.png */ = {isa = PBXFileReference; lastKnownFileType = image.png; path = nop.png; sourceTree = "<group>"; };
		F3A4D25C1B976677006FEE69 /* logo.png */ = {isa = PBXFileReference; lastKnownFileType = image.png; path = logo.png; sourceTree = "<group>"; };
		F3A4D25E1B976D31006FEE69 /* aliados.png */ = {isa = PBXFileReference; lastKnownFileType = image.png; path = aliados.png; sourceTree = "<group>"; };
		F3EE12201B01562C00CDEC6A /* nobutton.png */ = {isa = PBXFileReference; lastKnownFileType = image.png; path = nobutton.png; sourceTree = "<group>"; };
		F3EE12221B01563400CDEC6A /* yesbutton.png */ = {isa = PBXFileReference; lastKnownFileType = image.png; path = yesbutton.png; sourceTree = "<group>"; };
		F3EE12241B01598000CDEC6A /* MC.png */ = {isa = PBXFileReference; lastKnownFileType = image.png; path = MC.png; sourceTree = "<group>"; };
		F3EE12251B01598000CDEC6A /* PAN.png */ = {isa = PBXFileReference; lastKnownFileType = image.png; path = PAN.png; sourceTree = "<group>"; };
		F3EE12261B01598000CDEC6A /* PRD.png */ = {isa = PBXFileReference; lastKnownFileType = image.png; path = PRD.png; sourceTree = "<group>"; };
		F3EE12271B01598000CDEC6A /* MORENA.png */ = {isa = PBXFileReference; lastKnownFileType = image.png; path = MORENA.png; sourceTree = "<group>"; };
		F3EE12281B01598000CDEC6A /* PANAL.png */ = {isa = PBXFileReference; lastKnownFileType = image.png; path = PANAL.png; sourceTree = "<group>"; };
		F3EE122E1B01598700CDEC6A /* PVEM.png */ = {isa = PBXFileReference; lastKnownFileType = image.png; path = PVEM.png; sourceTree = "<group>"; };
		F3EE122F1B01598700CDEC6A /* PRI.png */ = {isa = PBXFileReference; lastKnownFileType = image.png; path = PRI.png; sourceTree = "<group>"; };
		F3EE12321B01598B00CDEC6A /* PT.png */ = {isa = PBXFileReference; lastKnownFileType = image.png; path = PT.png; sourceTree = "<group>"; };
		F3EE12341B01599200CDEC6A /* PH.png */ = {isa = PBXFileReference; lastKnownFileType = image.png; path = PH.png; sourceTree = "<group>"; };
		F3EE12351B01599200CDEC6A /* PES.png */ = {isa = PBXFileReference; lastKnownFileType = image.png; path = PES.png; sourceTree = "<group>"; };
		F3EE123B1B01614100CDEC6A /* ligue.png */ = {isa = PBXFileReference; lastKnownFileType = image.png; path = ligue.png; sourceTree = "<group>"; };
		F3EE123D1B01656100CDEC6A /* Social.framework */ = {isa = PBXFileReference; lastKnownFileType = wrapper.framework; name = Social.framework; path = System/Library/Frameworks/Social.framework; sourceTree = SDKROOT; };
		F3EE12901B024A7A00CDEC6A /* noimage.jpg */ = {isa = PBXFileReference; lastKnownFileType = image.jpeg; path = noimage.jpg; sourceTree = "<group>"; };
		F3EEF94E1B7EACAB00C662A9 /* document.ico */ = {isa = PBXFileReference; lastKnownFileType = image.ico; path = document.ico; sourceTree = "<group>"; };
		F3EEF95E1B82853600C662A9 /* Gotham-Rounded-Bold.ttf */ = {isa = PBXFileReference; lastKnownFileType = file; path = "Gotham-Rounded-Bold.ttf"; sourceTree = "<group>"; };
		F3EEF95F1B82853600C662A9 /* Gotham-Rounded-Book.ttf */ = {isa = PBXFileReference; lastKnownFileType = file; path = "Gotham-Rounded-Book.ttf"; sourceTree = "<group>"; };
		F3EEF9621B828EF300C662A9 /* ic_twitter.png */ = {isa = PBXFileReference; lastKnownFileType = image.png; path = ic_twitter.png; sourceTree = "<group>"; };
		F3EEF9641B84EDF400C662A9 /* DocumentViewController.h */ = {isa = PBXFileReference; fileEncoding = 4; lastKnownFileType = sourcecode.c.h; path = DocumentViewController.h; sourceTree = "<group>"; };
		F3EEF9651B84EDF400C662A9 /* DocumentViewController.m */ = {isa = PBXFileReference; fileEncoding = 4; lastKnownFileType = sourcecode.c.objc; path = DocumentViewController.m; sourceTree = "<group>"; };
		F3EEF9671B84FAD300C662A9 /* ic_btn_declaro.png */ = {isa = PBXFileReference; lastKnownFileType = image.png; path = ic_btn_declaro.png; sourceTree = "<group>"; };
		F3EEF9691B84FAE500C662A9 /* ic_btn_no_declaro.png */ = {isa = PBXFileReference; lastKnownFileType = image.png; path = ic_btn_no_declaro.png; sourceTree = "<group>"; };
		F3EEF96E1B854DE100C662A9 /* AboutViewController.h */ = {isa = PBXFileReference; fileEncoding = 4; lastKnownFileType = sourcecode.c.h; path = AboutViewController.h; sourceTree = "<group>"; };
		F3EEF96F1B854DE100C662A9 /* AboutViewController.m */ = {isa = PBXFileReference; fileEncoding = 4; lastKnownFileType = sourcecode.c.objc; path = AboutViewController.m; sourceTree = "<group>"; };
		F3EEF9711B8668DD00C662A9 /* ejemplo.txt */ = {isa = PBXFileReference; fileEncoding = 4; lastKnownFileType = text; path = ejemplo.txt; sourceTree = "<group>"; };
		F3EEF9731B86866400C662A9 /* iosiconliguepolitico.png */ = {isa = PBXFileReference; lastKnownFileType = image.png; path = iosiconliguepolitico.png; sourceTree = "<group>"; };
		F3F0BA5F1B8B872E0077CAD4 /* bgr_tutorial_candados.jpg */ = {isa = PBXFileReference; lastKnownFileType = image.jpeg; path = bgr_tutorial_candados.jpg; sourceTree = "<group>"; };
		F3F0BA611B8B887E0077CAD4 /* ic_tutorial_1.png */ = {isa = PBXFileReference; lastKnownFileType = image.png; path = ic_tutorial_1.png; sourceTree = "<group>"; };
		F3F0BA631B8B917E0077CAD4 /* ic_factico.png */ = {isa = PBXFileReference; lastKnownFileType = image.png; path = ic_factico.png; sourceTree = "<group>"; };
		F3F0BA651B8B93DB0077CAD4 /* ic_tutorial_5.png */ = {isa = PBXFileReference; lastKnownFileType = image.png; path = ic_tutorial_5.png; sourceTree = "<group>"; };
		F3F5F12B1AF18B580046F8B6 /* DetailViewController.h */ = {isa = PBXFileReference; fileEncoding = 4; lastKnownFileType = sourcecode.c.h; path = DetailViewController.h; sourceTree = "<group>"; };
		F3F5F12C1AF18B580046F8B6 /* DetailViewController.m */ = {isa = PBXFileReference; fileEncoding = 4; lastKnownFileType = sourcecode.c.objc; path = DetailViewController.m; sourceTree = "<group>"; };
		F3F5F12E1AF54C680046F8B6 /* AudioToolbox.framework */ = {isa = PBXFileReference; lastKnownFileType = wrapper.framework; name = AudioToolbox.framework; path = System/Library/Frameworks/AudioToolbox.framework; sourceTree = SDKROOT; };
/* End PBXFileReference section */

/* Begin PBXFrameworksBuildPhase section */
		F370BDDA1AF03368008974D6 /* Frameworks */ = {
			isa = PBXFrameworksBuildPhase;
			buildActionMask = 2147483647;
			files = (
				F3EE123E1B01656100CDEC6A /* Social.framework in Frameworks */,
				F3F5F12F1AF54C680046F8B6 /* AudioToolbox.framework in Frameworks */,
				F370BE1A1AF14CC7008974D6 /* AddressBook.framework in Frameworks */,
				F370BE181AF14636008974D6 /* CoreLocation.framework in Frameworks */,
				F370BE161AF03410008974D6 /* UIKit.framework in Frameworks */,
				F370BE141AF03408008974D6 /* CoreGraphics.framework in Frameworks */,
				F370BE121AF033F2008974D6 /* Foundation.framework in Frameworks */,
				AE806B21B3FCD7E913DBEA06 /* libPods-Diputinder.a in Frameworks */,
			);
			runOnlyForDeploymentPostprocessing = 0;
		};
		F370BDF31AF03369008974D6 /* Frameworks */ = {
			isa = PBXFrameworksBuildPhase;
			buildActionMask = 2147483647;
			files = (
			);
			runOnlyForDeploymentPostprocessing = 0;
		};
/* End PBXFrameworksBuildPhase section */

/* Begin PBXGroup section */
		4B26C7D6F8826ABA9C2AB2CA /* Frameworks */ = {
			isa = PBXGroup;
			children = (
				F3EE123D1B01656100CDEC6A /* Social.framework */,
				F3F5F12E1AF54C680046F8B6 /* AudioToolbox.framework */,
				F370BE191AF14CC7008974D6 /* AddressBook.framework */,
				F370BE171AF14636008974D6 /* CoreLocation.framework */,
				42792AD6C768141D302AE857 /* libPods-Diputinder.a */,
			);
			name = Frameworks;
			sourceTree = "<group>";
		};
		6C0A863FE3303406FA025DE2 /* Pods */ = {
			isa = PBXGroup;
			children = (
				01C1D456A44CC095F53115D2 /* Pods-Diputinder.debug.xcconfig */,
				6C164BD8319FB2A4C2BB5983 /* Pods-Diputinder.release.xcconfig */,
			);
			name = Pods;
			sourceTree = "<group>";
		};
		F370BDD41AF03368008974D6 = {
			isa = PBXGroup;
			children = (
				F3EEF95E1B82853600C662A9 /* Gotham-Rounded-Bold.ttf */,
				F3EEF95F1B82853600C662A9 /* Gotham-Rounded-Book.ttf */,
				F3A4D25E1B976D31006FEE69 /* aliados.png */,
				F3A4D2581B963BB5006FEE69 /* shi.png */,
				F3A4D2591B963BB5006FEE69 /* nop.png */,
				F3EEF9621B828EF300C662A9 /* ic_twitter.png */,
				074FE9DF1B83D3AB00C30C73 /* Refresh_icon.png */,
				F3EEF9671B84FAD300C662A9 /* ic_btn_declaro.png */,
				F3EEF9691B84FAE500C662A9 /* ic_btn_no_declaro.png */,
				F3F0BA5F1B8B872E0077CAD4 /* bgr_tutorial_candados.jpg */,
				F3F0BA631B8B917E0077CAD4 /* ic_factico.png */,
				F3F0BA611B8B887E0077CAD4 /* ic_tutorial_1.png */,
				F3F0BA651B8B93DB0077CAD4 /* ic_tutorial_5.png */,
				F354C64C1B962298003217D2 /* palomita.png */,
				F354C64E1B96229E003217D2 /* tache.png */,
				F3F5F12B1AF18B580046F8B6 /* DetailViewController.h */,
				F354C64A1B94DE84003217D2 /* declarado.png */,
				F354C6481B94DE7E003217D2 /* nodeclarado.png */,
				F3A4D25C1B976677006FEE69 /* logo.png */,
				F3F5F12C1AF18B580046F8B6 /* DetailViewController.m */,
				F370BE151AF03410008974D6 /* UIKit.framework */,
				F370BE131AF03408008974D6 /* CoreGraphics.framework */,
				F370BE111AF033F2008974D6 /* Foundation.framework */,
				F370BDDF1AF03368008974D6 /* Diputinder */,
				F370BDF91AF03369008974D6 /* DiputinderTests */,
				F370BDDE1AF03368008974D6 /* Products */,
				6C0A863FE3303406FA025DE2 /* Pods */,
				4B26C7D6F8826ABA9C2AB2CA /* Frameworks */,
			);
			sourceTree = "<group>";
		};
		F370BDDE1AF03368008974D6 /* Products */ = {
			isa = PBXGroup;
			children = (
				F370BDDD1AF03368008974D6 /* Diputinder.app */,
				F370BDF61AF03369008974D6 /* DiputinderTests.xctest */,
			);
			name = Products;
			sourceTree = "<group>";
		};
		F370BDDF1AF03368008974D6 /* Diputinder */ = {
			isa = PBXGroup;
			children = (
				F3EEF96E1B854DE100C662A9 /* AboutViewController.h */,
				F3EEF96F1B854DE100C662A9 /* AboutViewController.m */,
				F3EE12901B024A7A00CDEC6A /* noimage.jpg */,
				F3EEF94E1B7EACAB00C662A9 /* document.ico */,
				F3EEF9731B86866400C662A9 /* iosiconliguepolitico.png */,
				F3EE12381B01599D00CDEC6A /* partidos */,
				F3EE12201B01562C00CDEC6A /* nobutton.png */,
				F3EEF9711B8668DD00C662A9 /* ejemplo.txt */,
				F370BDE41AF03368008974D6 /* AppDelegate.h */,
				F370BDE51AF03368008974D6 /* AppDelegate.m */,
				F370BDE71AF03368008974D6 /* ViewController.h */,
				F370BDE81AF03368008974D6 /* ViewController.m */,
				F370BE061AF033B5008974D6 /* DraggableViewBackground.h */,
				F370BE071AF033B5008974D6 /* DraggableViewBackground.m */,
				F370BE081AF033B5008974D6 /* Diego.jpg */,
				F370BE1D1AF17D42008974D6 /* h.jpg */,
				F370BE1B1AF17D32008974D6 /* m.jpg */,
				F3EE12221B01563400CDEC6A /* yesbutton.png */,
				F370BE091AF033B5008974D6 /* DraggableView.h */,
				F370BE0A1AF033B5008974D6 /* DraggableView.m */,
				F370BE0B1AF033B5008974D6 /* OverlayView.h */,
				F370BE0C1AF033B5008974D6 /* OverlayView.m */,
				F370BDEA1AF03368008974D6 /* Main.storyboard */,
				F370BDED1AF03368008974D6 /* Images.xcassets */,
				F370BDEF1AF03368008974D6 /* LaunchScreen.xib */,
				F370BDE01AF03368008974D6 /* Supporting Files */,
				F3EEF9641B84EDF400C662A9 /* DocumentViewController.h */,
				F3EEF9651B84EDF400C662A9 /* DocumentViewController.m */,
			);
			path = Diputinder;
			sourceTree = "<group>";
		};
		F370BDE01AF03368008974D6 /* Supporting Files */ = {
			isa = PBXGroup;
			children = (
				F370BDE11AF03368008974D6 /* Info.plist */,
				F370BDE21AF03368008974D6 /* main.m */,
			);
			name = "Supporting Files";
			sourceTree = "<group>";
		};
		F370BDF91AF03369008974D6 /* DiputinderTests */ = {
			isa = PBXGroup;
			children = (
				F370BDFC1AF03369008974D6 /* DiputinderTests.m */,
				F370BDFA1AF03369008974D6 /* Supporting Files */,
			);
			path = DiputinderTests;
			sourceTree = "<group>";
		};
		F370BDFA1AF03369008974D6 /* Supporting Files */ = {
			isa = PBXGroup;
			children = (
				F370BDFB1AF03369008974D6 /* Info.plist */,
			);
			name = "Supporting Files";
			sourceTree = "<group>";
		};
		F3EE12381B01599D00CDEC6A /* partidos */ = {
			isa = PBXGroup;
			children = (
				F3EE123B1B01614100CDEC6A /* ligue.png */,
				F3EE12241B01598000CDEC6A /* MC.png */,
				F3EE12251B01598000CDEC6A /* PAN.png */,
				F3EE12341B01599200CDEC6A /* PH.png */,
				F3EE12351B01599200CDEC6A /* PES.png */,
				F3EE12261B01598000CDEC6A /* PRD.png */,
				F3EE12271B01598000CDEC6A /* MORENA.png */,
				F3EE12281B01598000CDEC6A /* PANAL.png */,
				F3EE122E1B01598700CDEC6A /* PVEM.png */,
				F3EE122F1B01598700CDEC6A /* PRI.png */,
				F3EE12321B01598B00CDEC6A /* PT.png */,
			);
			name = partidos;
			sourceTree = "<group>";
		};
/* End PBXGroup section */

/* Begin PBXNativeTarget section */
		F370BDDC1AF03368008974D6 /* Diputinder */ = {
			isa = PBXNativeTarget;
			buildConfigurationList = F370BE001AF03369008974D6 /* Build configuration list for PBXNativeTarget "Diputinder" */;
			buildPhases = (
				8ADD546F0B7287C604663DEC /* Check Pods Manifest.lock */,
				F370BDD91AF03368008974D6 /* Sources */,
				F370BDDA1AF03368008974D6 /* Frameworks */,
				F370BDDB1AF03368008974D6 /* Resources */,
				09F0B0634EA0D8BA04202B25 /* Copy Pods Resources */,
			);
			buildRules = (
			);
			dependencies = (
			);
			name = Diputinder;
			productName = Diputinder;
			productReference = F370BDDD1AF03368008974D6 /* Diputinder.app */;
			productType = "com.apple.product-type.application";
		};
		F370BDF51AF03369008974D6 /* DiputinderTests */ = {
			isa = PBXNativeTarget;
			buildConfigurationList = F370BE031AF03369008974D6 /* Build configuration list for PBXNativeTarget "DiputinderTests" */;
			buildPhases = (
				F370BDF21AF03369008974D6 /* Sources */,
				F370BDF31AF03369008974D6 /* Frameworks */,
				F370BDF41AF03369008974D6 /* Resources */,
			);
			buildRules = (
			);
			dependencies = (
				F370BDF81AF03369008974D6 /* PBXTargetDependency */,
			);
			name = DiputinderTests;
			productName = DiputinderTests;
			productReference = F370BDF61AF03369008974D6 /* DiputinderTests.xctest */;
			productType = "com.apple.product-type.bundle.unit-test";
		};
/* End PBXNativeTarget section */

/* Begin PBXProject section */
		F370BDD51AF03368008974D6 /* Project object */ = {
			isa = PBXProject;
			attributes = {
				LastUpgradeCheck = 0630;
				ORGANIZATIONNAME = "Carlos Castellanos";
				TargetAttributes = {
					F370BDDC1AF03368008974D6 = {
						CreatedOnToolsVersion = 6.3.1;
					};
					F370BDF51AF03369008974D6 = {
						CreatedOnToolsVersion = 6.3.1;
						TestTargetID = F370BDDC1AF03368008974D6;
					};
				};
			};
			buildConfigurationList = F370BDD81AF03368008974D6 /* Build configuration list for PBXProject "Diputinder" */;
			compatibilityVersion = "Xcode 3.2";
			developmentRegion = English;
			hasScannedForEncodings = 0;
			knownRegions = (
				en,
				Base,
			);
			mainGroup = F370BDD41AF03368008974D6;
			productRefGroup = F370BDDE1AF03368008974D6 /* Products */;
			projectDirPath = "";
			projectRoot = "";
			targets = (
				F370BDDC1AF03368008974D6 /* Diputinder */,
				F370BDF51AF03369008974D6 /* DiputinderTests */,
			);
		};
/* End PBXProject section */

/* Begin PBXResourcesBuildPhase section */
		F370BDDB1AF03368008974D6 /* Resources */ = {
			isa = PBXResourcesBuildPhase;
			buildActionMask = 2147483647;
			files = (
				F3A4D25A1B963BB5006FEE69 /* shi.png in Resources */,
				F3EEF9721B8668DD00C662A9 /* ejemplo.txt in Resources */,
				F3EEF9601B82853600C662A9 /* Gotham-Rounded-Bold.ttf in Resources */,
				074FE9E01B83D3AB00C30C73 /* Refresh_icon.png in Resources */,
				F3EEF9611B82853600C662A9 /* Gotham-Rounded-Book.ttf in Resources */,
				F3EEF9741B86866400C662A9 /* iosiconliguepolitico.png in Resources */,
				F3F0BA641B8B917E0077CAD4 /* ic_factico.png in Resources */,
				F3EE12371B01599200CDEC6A /* PES.png in Resources */,
				F3EE122D1B01598000CDEC6A /* PANAL.png in Resources */,
				F3EE12301B01598700CDEC6A /* PVEM.png in Resources */,
				F370BE1E1AF17D42008974D6 /* h.jpg in Resources */,
				F3EE123C1B01614100CDEC6A /* ligue.png in Resources */,
				F3F0BA601B8B872F0077CAD4 /* bgr_tutorial_candados.jpg in Resources */,
				F370BE0E1AF033B5008974D6 /* Diego.jpg in Resources */,
				F3EE122B1B01598000CDEC6A /* PRD.png in Resources */,
				F354C64F1B96229E003217D2 /* tache.png in Resources */,
				F370BDEC1AF03368008974D6 /* Main.storyboard in Resources */,
				F3EE122A1B01598000CDEC6A /* PAN.png in Resources */,
				F3EE12361B01599200CDEC6A /* PH.png in Resources */,
				F3EEF9681B84FAD300C662A9 /* ic_btn_declaro.png in Resources */,
				F354C64D1B962298003217D2 /* palomita.png in Resources */,
				F3EE12911B024A7A00CDEC6A /* noimage.jpg in Resources */,
				F3EE12211B01562C00CDEC6A /* nobutton.png in Resources */,
				F3EEF96A1B84FAE500C662A9 /* ic_btn_no_declaro.png in Resources */,
				F370BDF11AF03368008974D6 /* LaunchScreen.xib in Resources */,
				F3EEF9631B828EF300C662A9 /* ic_twitter.png in Resources */,
				F3EE12311B01598700CDEC6A /* PRI.png in Resources */,
				F3EE122C1B01598000CDEC6A /* MORENA.png in Resources */,
				F354C64B1B94DE84003217D2 /* declarado.png in Resources */,
				F3A4D25F1B976D31006FEE69 /* aliados.png in Resources */,
				F3EEF94F1B7EACAB00C662A9 /* document.ico in Resources */,
				F3EE12231B01563400CDEC6A /* yesbutton.png in Resources */,
				F370BDEE1AF03368008974D6 /* Images.xcassets in Resources */,
				F3EE12331B01598B00CDEC6A /* PT.png in Resources */,
				F370BE1C1AF17D32008974D6 /* m.jpg in Resources */,
				F3F0BA621B8B887E0077CAD4 /* ic_tutorial_1.png in Resources */,
				F3F0BA661B8B93DB0077CAD4 /* ic_tutorial_5.png in Resources */,
				F3A4D25D1B976678006FEE69 /* logo.png in Resources */,
				F3A4D25B1B963BB5006FEE69 /* nop.png in Resources */,
				F354C6491B94DE7E003217D2 /* nodeclarado.png in Resources */,
				F3EE12291B01598000CDEC6A /* MC.png in Resources */,
			);
			runOnlyForDeploymentPostprocessing = 0;
		};
		F370BDF41AF03369008974D6 /* Resources */ = {
			isa = PBXResourcesBuildPhase;
			buildActionMask = 2147483647;
			files = (
			);
			runOnlyForDeploymentPostprocessing = 0;
		};
/* End PBXResourcesBuildPhase section */

/* Begin PBXShellScriptBuildPhase section */
		09F0B0634EA0D8BA04202B25 /* Copy Pods Resources */ = {
			isa = PBXShellScriptBuildPhase;
			buildActionMask = 2147483647;
			files = (
			);
			inputPaths = (
			);
			name = "Copy Pods Resources";
			outputPaths = (
			);
			runOnlyForDeploymentPostprocessing = 0;
			shellPath = /bin/sh;
			shellScript = "\"${SRCROOT}/Pods/Target Support Files/Pods-Diputinder/Pods-Diputinder-resources.sh\"\n";
			showEnvVarsInLog = 0;
		};
		8ADD546F0B7287C604663DEC /* Check Pods Manifest.lock */ = {
			isa = PBXShellScriptBuildPhase;
			buildActionMask = 2147483647;
			files = (
			);
			inputPaths = (
			);
			name = "Check Pods Manifest.lock";
			outputPaths = (
			);
			runOnlyForDeploymentPostprocessing = 0;
			shellPath = /bin/sh;
			shellScript = "diff \"${PODS_ROOT}/../Podfile.lock\" \"${PODS_ROOT}/Manifest.lock\" > /dev/null\nif [[ $? != 0 ]] ; then\n    cat << EOM\nerror: The sandbox is not in sync with the Podfile.lock. Run 'pod install' or update your CocoaPods installation.\nEOM\n    exit 1\nfi\n";
			showEnvVarsInLog = 0;
		};
/* End PBXShellScriptBuildPhase section */

/* Begin PBXSourcesBuildPhase section */
		F370BDD91AF03368008974D6 /* Sources */ = {
			isa = PBXSourcesBuildPhase;
			buildActionMask = 2147483647;
			files = (
				F3EEF9701B854DE100C662A9 /* AboutViewController.m in Sources */,
				F370BE0D1AF033B5008974D6 /* DraggableViewBackground.m in Sources */,
				F3EEF9661B84EDF400C662A9 /* DocumentViewController.m in Sources */,
				F370BE101AF033B5008974D6 /* OverlayView.m in Sources */,
				F370BDE91AF03368008974D6 /* ViewController.m in Sources */,
				F370BDE61AF03368008974D6 /* AppDelegate.m in Sources */,
				F370BDE31AF03368008974D6 /* main.m in Sources */,
				F370BE0F1AF033B5008974D6 /* DraggableView.m in Sources */,
				F3F5F12D1AF18B580046F8B6 /* DetailViewController.m in Sources */,
			);
			runOnlyForDeploymentPostprocessing = 0;
		};
		F370BDF21AF03369008974D6 /* Sources */ = {
			isa = PBXSourcesBuildPhase;
			buildActionMask = 2147483647;
			files = (
				F370BDFD1AF03369008974D6 /* DiputinderTests.m in Sources */,
			);
			runOnlyForDeploymentPostprocessing = 0;
		};
/* End PBXSourcesBuildPhase section */

/* Begin PBXTargetDependency section */
		F370BDF81AF03369008974D6 /* PBXTargetDependency */ = {
			isa = PBXTargetDependency;
			target = F370BDDC1AF03368008974D6 /* Diputinder */;
			targetProxy = F370BDF71AF03369008974D6 /* PBXContainerItemProxy */;
		};
/* End PBXTargetDependency section */

/* Begin PBXVariantGroup section */
		F370BDEA1AF03368008974D6 /* Main.storyboard */ = {
			isa = PBXVariantGroup;
			children = (
				F370BDEB1AF03368008974D6 /* Base */,
			);
			name = Main.storyboard;
			sourceTree = "<group>";
		};
		F370BDEF1AF03368008974D6 /* LaunchScreen.xib */ = {
			isa = PBXVariantGroup;
			children = (
				F370BDF01AF03368008974D6 /* Base */,
			);
			name = LaunchScreen.xib;
			sourceTree = "<group>";
		};
/* End PBXVariantGroup section */

/* Begin XCBuildConfiguration section */
		F370BDFE1AF03369008974D6 /* Debug */ = {
			isa = XCBuildConfiguration;
			buildSettings = {
				ALWAYS_SEARCH_USER_PATHS = NO;
				CLANG_CXX_LANGUAGE_STANDARD = "gnu++0x";
				CLANG_CXX_LIBRARY = "libc++";
				CLANG_ENABLE_MODULES = YES;
				CLANG_ENABLE_OBJC_ARC = YES;
				CLANG_WARN_BOOL_CONVERSION = YES;
				CLANG_WARN_CONSTANT_CONVERSION = YES;
				CLANG_WARN_DIRECT_OBJC_ISA_USAGE = YES_ERROR;
				CLANG_WARN_EMPTY_BODY = YES;
				CLANG_WARN_ENUM_CONVERSION = YES;
				CLANG_WARN_INT_CONVERSION = YES;
				CLANG_WARN_OBJC_ROOT_CLASS = YES_ERROR;
				CLANG_WARN_UNREACHABLE_CODE = YES;
				CLANG_WARN__DUPLICATE_METHOD_MATCH = YES;
				"CODE_SIGN_IDENTITY[sdk=iphoneos*]" = "iPhone Developer";
				COPY_PHASE_STRIP = NO;
				DEBUG_INFORMATION_FORMAT = "dwarf-with-dsym";
				ENABLE_STRICT_OBJC_MSGSEND = YES;
				GCC_C_LANGUAGE_STANDARD = gnu99;
				GCC_DYNAMIC_NO_PIC = NO;
				GCC_NO_COMMON_BLOCKS = YES;
				GCC_OPTIMIZATION_LEVEL = 0;
				GCC_PREPROCESSOR_DEFINITIONS = (
					"DEBUG=1",
					"$(inherited)",
				);
				GCC_SYMBOLS_PRIVATE_EXTERN = NO;
				GCC_WARN_64_TO_32_BIT_CONVERSION = YES;
				GCC_WARN_ABOUT_RETURN_TYPE = YES_ERROR;
				GCC_WARN_UNDECLARED_SELECTOR = YES;
				GCC_WARN_UNINITIALIZED_AUTOS = YES_AGGRESSIVE;
				GCC_WARN_UNUSED_FUNCTION = YES;
				GCC_WARN_UNUSED_VARIABLE = YES;
				IPHONEOS_DEPLOYMENT_TARGET = 8.3;
				MTL_ENABLE_DEBUG_INFO = YES;
				ONLY_ACTIVE_ARCH = YES;
				SDKROOT = iphoneos;
			};
			name = Debug;
		};
		F370BDFF1AF03369008974D6 /* Release */ = {
			isa = XCBuildConfiguration;
			buildSettings = {
				ALWAYS_SEARCH_USER_PATHS = NO;
				CLANG_CXX_LANGUAGE_STANDARD = "gnu++0x";
				CLANG_CXX_LIBRARY = "libc++";
				CLANG_ENABLE_MODULES = YES;
				CLANG_ENABLE_OBJC_ARC = YES;
				CLANG_WARN_BOOL_CONVERSION = YES;
				CLANG_WARN_CONSTANT_CONVERSION = YES;
				CLANG_WARN_DIRECT_OBJC_ISA_USAGE = YES_ERROR;
				CLANG_WARN_EMPTY_BODY = YES;
				CLANG_WARN_ENUM_CONVERSION = YES;
				CLANG_WARN_INT_CONVERSION = YES;
				CLANG_WARN_OBJC_ROOT_CLASS = YES_ERROR;
				CLANG_WARN_UNREACHABLE_CODE = YES;
				CLANG_WARN__DUPLICATE_METHOD_MATCH = YES;
				"CODE_SIGN_IDENTITY[sdk=iphoneos*]" = "iPhone Developer";
				COPY_PHASE_STRIP = NO;
				DEBUG_INFORMATION_FORMAT = "dwarf-with-dsym";
				ENABLE_NS_ASSERTIONS = NO;
				ENABLE_STRICT_OBJC_MSGSEND = YES;
				GCC_C_LANGUAGE_STANDARD = gnu99;
				GCC_NO_COMMON_BLOCKS = YES;
				GCC_WARN_64_TO_32_BIT_CONVERSION = YES;
				GCC_WARN_ABOUT_RETURN_TYPE = YES_ERROR;
				GCC_WARN_UNDECLARED_SELECTOR = YES;
				GCC_WARN_UNINITIALIZED_AUTOS = YES_AGGRESSIVE;
				GCC_WARN_UNUSED_FUNCTION = YES;
				GCC_WARN_UNUSED_VARIABLE = YES;
				IPHONEOS_DEPLOYMENT_TARGET = 8.3;
				MTL_ENABLE_DEBUG_INFO = NO;
				SDKROOT = iphoneos;
				VALIDATE_PRODUCT = YES;
			};
			name = Release;
		};
		F370BE011AF03369008974D6 /* Debug */ = {
			isa = XCBuildConfiguration;
			baseConfigurationReference = 01C1D456A44CC095F53115D2 /* Pods-Diputinder.debug.xcconfig */;
			buildSettings = {
				ASSETCATALOG_COMPILER_APPICON_NAME = AppIcon;
				ASSETCATALOG_COMPILER_LAUNCHIMAGE_NAME = LaunchImage;
				INFOPLIST_FILE = Diputinder/Info.plist;
				IPHONEOS_DEPLOYMENT_TARGET = 7.0;
				LD_RUNPATH_SEARCH_PATHS = "$(inherited) @executable_path/Frameworks";
				PRODUCT_NAME = "$(TARGET_NAME)";
			};
			name = Debug;
		};
		F370BE021AF03369008974D6 /* Release */ = {
			isa = XCBuildConfiguration;
			baseConfigurationReference = 6C164BD8319FB2A4C2BB5983 /* Pods-Diputinder.release.xcconfig */;
			buildSettings = {
				ASSETCATALOG_COMPILER_APPICON_NAME = AppIcon;
				ASSETCATALOG_COMPILER_LAUNCHIMAGE_NAME = LaunchImage;
				INFOPLIST_FILE = Diputinder/Info.plist;
				IPHONEOS_DEPLOYMENT_TARGET = 7.0;
				LD_RUNPATH_SEARCH_PATHS = "$(inherited) @executable_path/Frameworks";
				PRODUCT_NAME = "$(TARGET_NAME)";
			};
			name = Release;
		};
		F370BE041AF03369008974D6 /* Debug */ = {
			isa = XCBuildConfiguration;
			buildSettings = {
				BUNDLE_LOADER = "$(TEST_HOST)";
				FRAMEWORK_SEARCH_PATHS = (
					"$(SDKROOT)/Developer/Library/Frameworks",
					"$(inherited)",
				);
				GCC_PREPROCESSOR_DEFINITIONS = (
					"DEBUG=1",
					"$(inherited)",
				);
				INFOPLIST_FILE = DiputinderTests/Info.plist;
				LD_RUNPATH_SEARCH_PATHS = "$(inherited) @executable_path/Frameworks @loader_path/Frameworks";
				PRODUCT_NAME = "$(TARGET_NAME)";
				TEST_HOST = "$(BUILT_PRODUCTS_DIR)/Diputinder.app/Diputinder";
			};
			name = Debug;
		};
		F370BE051AF03369008974D6 /* Release */ = {
			isa = XCBuildConfiguration;
			buildSettings = {
				BUNDLE_LOADER = "$(TEST_HOST)";
				FRAMEWORK_SEARCH_PATHS = (
					"$(SDKROOT)/Developer/Library/Frameworks",
					"$(inherited)",
				);
				INFOPLIST_FILE = DiputinderTests/Info.plist;
				LD_RUNPATH_SEARCH_PATHS = "$(inherited) @executable_path/Frameworks @loader_path/Frameworks";
				PRODUCT_NAME = "$(TARGET_NAME)";
				TEST_HOST = "$(BUILT_PRODUCTS_DIR)/Diputinder.app/Diputinder";
			};
			name = Release;
		};
/* End XCBuildConfiguration section */

/* Begin XCConfigurationList section */
		F370BDD81AF03368008974D6 /* Build configuration list for PBXProject "Diputinder" */ = {
			isa = XCConfigurationList;
			buildConfigurations = (
				F370BDFE1AF03369008974D6 /* Debug */,
				F370BDFF1AF03369008974D6 /* Release */,
			);
			defaultConfigurationIsVisible = 0;
			defaultConfigurationName = Release;
		};
		F370BE001AF03369008974D6 /* Build configuration list for PBXNativeTarget "Diputinder" */ = {
			isa = XCConfigurationList;
			buildConfigurations = (
				F370BE011AF03369008974D6 /* Debug */,
				F370BE021AF03369008974D6 /* Release */,
			);
			defaultConfigurationIsVisible = 0;
			defaultConfigurationName = Release;
		};
		F370BE031AF03369008974D6 /* Build configuration list for PBXNativeTarget "DiputinderTests" */ = {
			isa = XCConfigurationList;
			buildConfigurations = (
				F370BE041AF03369008974D6 /* Debug */,
				F370BE051AF03369008974D6 /* Release */,
			);
			defaultConfigurationIsVisible = 0;
			defaultConfigurationName = Release;
		};
/* End XCConfigurationList section */
	};
	rootObject = F370BDD51AF03368008974D6 /* Project object */;
}
